
Microsoft Visual Studio Solution File, Format Version 12.00
# Visual Studio Version 16
VisualStudioVersion = 16.0.30204.135
MinimumVisualStudioVersion = 10.0.40219.1
Project("{FAE04EC0-301F-11D3-BF4B-00C04F79EFBC}") = "Temprature_Datasource", "TempraturModul\Temprature_Datasource.csproj", "{96549B5A-DFE1-42CE-B929-D2C5FD5FDBFA}"
EndProject
Project("{FAE04EC0-301F-11D3-BF4B-00C04F79EFBC}") = "TempratureTest", "TempratureTest\TempratureTest.csproj", "{CAB8434A-EACF-4174-8060-43C47ADE73C2}"
	ProjectSection(ProjectDependencies) = postProject
		{96549B5A-DFE1-42CE-B929-D2C5FD5FDBFA} = {96549B5A-DFE1-42CE-B929-D2C5FD5FDBFA}
	EndProjectSection
EndProject
Project("{FAE04EC0-301F-11D3-BF4B-00C04F79EFBC}") = "TempratureModuleWeb", "TempratureModuleWeb\TempratureModuleWeb.csproj", "{E86B5DC8-DED8-4E29-B68F-FB2211C439BC}"
EndProject
Global
	GlobalSection(SolutionConfigurationPlatforms) = preSolution
		Debug|Any CPU = Debug|Any CPU
		Release|Any CPU = Release|Any CPU
	EndGlobalSection
	GlobalSection(ProjectConfigurationPlatforms) = postSolution
		{96549B5A-DFE1-42CE-B929-D2C5FD5FDBFA}.Debug|Any CPU.ActiveCfg = Debug|Any CPU
		{96549B5A-DFE1-42CE-B929-D2C5FD5FDBFA}.Debug|Any CPU.Build.0 = Debug|Any CPU
		{96549B5A-DFE1-42CE-B929-D2C5FD5FDBFA}.Release|Any CPU.ActiveCfg = Release|Any CPU
		{96549B5A-DFE1-42CE-B929-D2C5FD5FDBFA}.Release|Any CPU.Build.0 = Release|Any CPU
		{CAB8434A-EACF-4174-8060-43C47ADE73C2}.Debug|Any CPU.ActiveCfg = Debug|Any CPU
		{CAB8434A-EACF-4174-8060-43C47ADE73C2}.Debug|Any CPU.Build.0 = Debug|Any CPU
		{CAB8434A-EACF-4174-8060-43C47ADE73C2}.Release|Any CPU.ActiveCfg = Release|Any CPU
		{CAB8434A-EACF-4174-8060-43C47ADE73C2}.Release|Any CPU.Build.0 = Release|Any CPU
		{E86B5DC8-DED8-4E29-B68F-FB2211C439BC}.Debug|Any CPU.ActiveCfg = Debug|Any CPU
		{E86B5DC8-DED8-4E29-B68F-FB2211C439BC}.Debug|Any CPU.Build.0 = Debug|Any CPU
		{E86B5DC8-DED8-4E29-B68F-FB2211C439BC}.Release|Any CPU.ActiveCfg = Release|Any CPU
		{E86B5DC8-DED8-4E29-B68F-FB2211C439BC}.Release|Any CPU.Build.0 = Release|Any CPU
	EndGlobalSection
	GlobalSection(SolutionProperties) = preSolution
		HideSolutionNode = FALSE
	EndGlobalSection
	GlobalSection(ExtensibilityGlobals) = postSolution
		SolutionGuid = {9BE8E1CA-E32A-4FCA-B73D-E9E0B7C2E4EA}
	EndGlobalSection
EndGlobal
